// !$*UTF8*$!
{
	archiveVersion = 1;
	classes = {
	};
	objectVersion = 48;
	objects = {

/* Begin PBXGroup section */
		1FC13EFC1F4A7485006E9F05 = {
			isa = PBXGroup;
			children = (
			);
			sourceTree = "<group>";
		};
/* End PBXGroup section */

/* Begin PBXProject section */
		1FC13EFD1F4A7485006E9F05 /* Project object */ = {
			isa = PBXProject;
			attributes = {
				LastUpgradeCheck = 0900;
			};
			buildConfigurationList = 1FC13F001F4A7485006E9F05 /* Build configuration list for PBXProject "AppleI386GenericPlatform" */;
			compatibilityVersion = "Xcode 8.0";
			developmentRegion = en;
			hasScannedForEncodings = 0;
			knownRegions = (
				en,
			);
			mainGroup = 1FC13EFC1F4A7485006E9F05;
			projectDirPath = "";
			projectRoot = "";
			targets = (
			);
		};
/* End PBXProject section */

/* Begin XCBuildConfiguration section */
		1FC13F011F4A7485006E9F05 /* Debug */ = {
			isa = XCBuildConfiguration;
			buildSettings = {
			};
			name = Debug;
		};
		1FC13F021F4A7485006E9F05 /* Release */ = {
			isa = XCBuildConfiguration;
			buildSettings = {
			};
			name = Release;
		};
/* End XCBuildConfiguration section */

/* Begin XCConfigurationList section */
		1FC13F001F4A7485006E9F05 /* Build configuration list for PBXProject "AppleI386GenericPlatform" */ = {
			isa = XCConfigurationList;
			buildConfigurations = (
				1FC13F011F4A7485006E9F05 /* Debug */,
				1FC13F021F4A7485006E9F05 /* Release */,
			);
			defaultConfigurationIsVisible = 0;
			defaultConfigurationName = Release;
		};
/* End XCConfigurationList section */
	};
	rootObject = 1FC13EFD1F4A7485006E9F05 /* Project object */;
}
